
Microsoft Visual Studio Solution File, Format Version 12.00
# Visual Studio 15
VisualStudioVersion = 15.0.27130.0
MinimumVisualStudioVersion = 10.0.40219.1
Project("{FAE04EC0-301F-11D3-BF4B-00C04F79EFBC}") = "ClientLib", "ClientLib\ClientLib.csproj", "{6DC6D0F4-85F4-4380-9C49-FF26BC83D000}"
EndProject
Project("{FAE04EC0-301F-11D3-BF4B-00C04F79EFBC}") = "Sender", "Sender\Sender.csproj", "{DCCA0C42-BECD-4445-9062-570C6ABC402C}"
EndProject
Project("{FAE04EC0-301F-11D3-BF4B-00C04F79EFBC}") = "Receiver", "Receiver\Receiver.csproj", "{949EBADD-2826-40F2-AF8F-462AC1AB6BF3}"
EndProject
Project("{FAE04EC0-301F-11D3-BF4B-00C04F79EFBC}") = "Connector", "Connector\Connector.csproj", "{1BC98F0E-A5AC-4357-8E5A-DE29F3F1D6DD}"
EndProject
Project("{FAE04EC0-301F-11D3-BF4B-00C04F79EFBC}") = "ClientUnitTests", "ClientUnitTests\ClientUnitTests.csproj", "{6933B020-918B-49DA-A072-4C60C080C2C8}"
EndProject
Project("{2150E333-8FDC-42A3-9474-1A3956D46DE8}") = "Solution Items", "Solution Items", "{CB591E27-1754-4F52-9995-E0236F1CB9C4}"
	ProjectSection(SolutionItems) = preProject
		.gitignore = .gitignore
		.travis.yml = .travis.yml
		LICENSE = LICENSE
		README.md = README.md
	EndProjectSection
EndProject
Project("{930C7802-8A8C-48F9-8165-68863BCCD9DD}") = "CliNetliteInstaller", "CliNetliteInstaller\CliNetliteInstaller.wixproj", "{F13FB7EF-D892-4229-A1EB-8B595D71D64E}"
	ProjectSection(ProjectDependencies) = postProject
		{1BC98F0E-A5AC-4357-8E5A-DE29F3F1D6DD} = {1BC98F0E-A5AC-4357-8E5A-DE29F3F1D6DD}
		{DCCA0C42-BECD-4445-9062-570C6ABC402C} = {DCCA0C42-BECD-4445-9062-570C6ABC402C}
		{949EBADD-2826-40F2-AF8F-462AC1AB6BF3} = {949EBADD-2826-40F2-AF8F-462AC1AB6BF3}
		{6DC6D0F4-85F4-4380-9C49-FF26BC83D000} = {6DC6D0F4-85F4-4380-9C49-FF26BC83D000}
	EndProjectSection
EndProject
Project("{9A19103F-16F7-4668-BE54-9A1E7A4F7556}") = "ClientLibNetCore", "ClientLibNetCore\ClientLibNetCore.csproj", "{186217C6-1D5E-4E92-AE6B-2EF4860089EF}"
EndProject
Project("{FAE04EC0-301F-11D3-BF4B-00C04F79EFBC}") = "NetCoreSender", "NetCoreSender\NetCoreSender.csproj", "{8D10A6A3-73AF-4437-890E-35FAB8970438}"
EndProject
Project("{FAE04EC0-301F-11D3-BF4B-00C04F79EFBC}") = "NetCoreReceiver", "NetCoreReceiver\NetCoreReceiver.csproj", "{E20F33C7-F38E-458A-B3A9-86136AFFC1D3}"
EndProject
Project("{FAE04EC0-301F-11D3-BF4B-00C04F79EFBC}") = "NetCoreConnector", "NetCoreConnector\NetCoreConnector.csproj", "{4A627ED3-7E8F-45DC-906A-2E262232FF9D}"
EndProject
Project("{2150E333-8FDC-42A3-9474-1A3956D46DE8}") = "DotNetCore", "DotNetCore", "{885C7FC7-7F42-4075-B18A-7FBC7018D2B2}"
EndProject
Project("{2150E333-8FDC-42A3-9474-1A3956D46DE8}") = "DotNet", "DotNet", "{ED001293-9068-4DFC-9316-4FD88F2BBFA6}"
EndProject
Global
	GlobalSection(SolutionConfigurationPlatforms) = preSolution
		Debug|Any CPU = Debug|Any CPU
		Debug|x86 = Debug|x86
		Release|Any CPU = Release|Any CPU
		Release|x86 = Release|x86
		TravisCI|Any CPU = TravisCI|Any CPU
		TravisCI|x86 = TravisCI|x86
	EndGlobalSection
	GlobalSection(ProjectConfigurationPlatforms) = postSolution
		{6DC6D0F4-85F4-4380-9C49-FF26BC83D000}.Debug|Any CPU.ActiveCfg = Debug|Any CPU
		{6DC6D0F4-85F4-4380-9C49-FF26BC83D000}.Debug|Any CPU.Build.0 = Debug|Any CPU
		{6DC6D0F4-85F4-4380-9C49-FF26BC83D000}.Debug|x86.ActiveCfg = Debug|Any CPU
		{6DC6D0F4-85F4-4380-9C49-FF26BC83D000}.Debug|x86.Build.0 = Debug|Any CPU
		{6DC6D0F4-85F4-4380-9C49-FF26BC83D000}.Release|Any CPU.ActiveCfg = Release|Any CPU
		{6DC6D0F4-85F4-4380-9C49-FF26BC83D000}.Release|Any CPU.Build.0 = Release|Any CPU
		{6DC6D0F4-85F4-4380-9C49-FF26BC83D000}.Release|x86.ActiveCfg = Release|Any CPU
		{6DC6D0F4-85F4-4380-9C49-FF26BC83D000}.Release|x86.Build.0 = Release|Any CPU
		{6DC6D0F4-85F4-4380-9C49-FF26BC83D000}.TravisCI|Any CPU.ActiveCfg = Debug|Any CPU
		{6DC6D0F4-85F4-4380-9C49-FF26BC83D000}.TravisCI|Any CPU.Build.0 = Debug|Any CPU
		{6DC6D0F4-85F4-4380-9C49-FF26BC83D000}.TravisCI|x86.ActiveCfg = TravisCI|Any CPU
		{6DC6D0F4-85F4-4380-9C49-FF26BC83D000}.TravisCI|x86.Build.0 = TravisCI|Any CPU
		{DCCA0C42-BECD-4445-9062-570C6ABC402C}.Debug|Any CPU.ActiveCfg = Debug|Any CPU
		{DCCA0C42-BECD-4445-9062-570C6ABC402C}.Debug|Any CPU.Build.0 = Debug|Any CPU
		{DCCA0C42-BECD-4445-9062-570C6ABC402C}.Debug|x86.ActiveCfg = Debug|Any CPU
		{DCCA0C42-BECD-4445-9062-570C6ABC402C}.Debug|x86.Build.0 = Debug|Any CPU
		{DCCA0C42-BECD-4445-9062-570C6ABC402C}.Release|Any CPU.ActiveCfg = Release|Any CPU
		{DCCA0C42-BECD-4445-9062-570C6ABC402C}.Release|Any CPU.Build.0 = Release|Any CPU
		{DCCA0C42-BECD-4445-9062-570C6ABC402C}.Release|x86.ActiveCfg = Release|Any CPU
		{DCCA0C42-BECD-4445-9062-570C6ABC402C}.Release|x86.Build.0 = Release|Any CPU
		{DCCA0C42-BECD-4445-9062-570C6ABC402C}.TravisCI|Any CPU.ActiveCfg = Debug|Any CPU
		{DCCA0C42-BECD-4445-9062-570C6ABC402C}.TravisCI|Any CPU.Build.0 = Debug|Any CPU
		{DCCA0C42-BECD-4445-9062-570C6ABC402C}.TravisCI|x86.ActiveCfg = TravisCI|Any CPU
		{DCCA0C42-BECD-4445-9062-570C6ABC402C}.TravisCI|x86.Build.0 = TravisCI|Any CPU
		{949EBADD-2826-40F2-AF8F-462AC1AB6BF3}.Debug|Any CPU.ActiveCfg = Debug|Any CPU
		{949EBADD-2826-40F2-AF8F-462AC1AB6BF3}.Debug|Any CPU.Build.0 = Debug|Any CPU
		{949EBADD-2826-40F2-AF8F-462AC1AB6BF3}.Debug|x86.ActiveCfg = Debug|Any CPU
		{949EBADD-2826-40F2-AF8F-462AC1AB6BF3}.Debug|x86.Build.0 = Debug|Any CPU
		{949EBADD-2826-40F2-AF8F-462AC1AB6BF3}.Release|Any CPU.ActiveCfg = Release|Any CPU
		{949EBADD-2826-40F2-AF8F-462AC1AB6BF3}.Release|Any CPU.Build.0 = Release|Any CPU
		{949EBADD-2826-40F2-AF8F-462AC1AB6BF3}.Release|x86.ActiveCfg = Release|Any CPU
		{949EBADD-2826-40F2-AF8F-462AC1AB6BF3}.Release|x86.Build.0 = Release|Any CPU
		{949EBADD-2826-40F2-AF8F-462AC1AB6BF3}.TravisCI|Any CPU.ActiveCfg = Debug|Any CPU
		{949EBADD-2826-40F2-AF8F-462AC1AB6BF3}.TravisCI|Any CPU.Build.0 = Debug|Any CPU
		{949EBADD-2826-40F2-AF8F-462AC1AB6BF3}.TravisCI|x86.ActiveCfg = TravisCI|Any CPU
		{949EBADD-2826-40F2-AF8F-462AC1AB6BF3}.TravisCI|x86.Build.0 = TravisCI|Any CPU
		{1BC98F0E-A5AC-4357-8E5A-DE29F3F1D6DD}.Debug|Any CPU.ActiveCfg = Debug|Any CPU
		{1BC98F0E-A5AC-4357-8E5A-DE29F3F1D6DD}.Debug|Any CPU.Build.0 = Debug|Any CPU
		{1BC98F0E-A5AC-4357-8E5A-DE29F3F1D6DD}.Debug|x86.ActiveCfg = Debug|Any CPU
		{1BC98F0E-A5AC-4357-8E5A-DE29F3F1D6DD}.Debug|x86.Build.0 = Debug|Any CPU
		{1BC98F0E-A5AC-4357-8E5A-DE29F3F1D6DD}.Release|Any CPU.ActiveCfg = Release|Any CPU
		{1BC98F0E-A5AC-4357-8E5A-DE29F3F1D6DD}.Release|Any CPU.Build.0 = Release|Any CPU
		{1BC98F0E-A5AC-4357-8E5A-DE29F3F1D6DD}.Release|x86.ActiveCfg = Release|Any CPU
		{1BC98F0E-A5AC-4357-8E5A-DE29F3F1D6DD}.Release|x86.Build.0 = Release|Any CPU
		{1BC98F0E-A5AC-4357-8E5A-DE29F3F1D6DD}.TravisCI|Any CPU.ActiveCfg = Debug|Any CPU
		{1BC98F0E-A5AC-4357-8E5A-DE29F3F1D6DD}.TravisCI|Any CPU.Build.0 = Debug|Any CPU
		{1BC98F0E-A5AC-4357-8E5A-DE29F3F1D6DD}.TravisCI|x86.ActiveCfg = TravisCI|Any CPU
		{1BC98F0E-A5AC-4357-8E5A-DE29F3F1D6DD}.TravisCI|x86.Build.0 = TravisCI|Any CPU
		{6933B020-918B-49DA-A072-4C60C080C2C8}.Debug|Any CPU.ActiveCfg = Debug|Any CPU
		{6933B020-918B-49DA-A072-4C60C080C2C8}.Debug|Any CPU.Build.0 = Debug|Any CPU
		{6933B020-918B-49DA-A072-4C60C080C2C8}.Debug|x86.ActiveCfg = Debug|Any CPU
		{6933B020-918B-49DA-A072-4C60C080C2C8}.Debug|x86.Build.0 = Debug|Any CPU
		{6933B020-918B-49DA-A072-4C60C080C2C8}.Release|Any CPU.ActiveCfg = Release|Any CPU
		{6933B020-918B-49DA-A072-4C60C080C2C8}.Release|Any CPU.Build.0 = Release|Any CPU
		{6933B020-918B-49DA-A072-4C60C080C2C8}.Release|x86.ActiveCfg = Release|Any CPU
		{6933B020-918B-49DA-A072-4C60C080C2C8}.Release|x86.Build.0 = Release|Any CPU
		{6933B020-918B-49DA-A072-4C60C080C2C8}.TravisCI|Any CPU.ActiveCfg = Debug|Any CPU
		{6933B020-918B-49DA-A072-4C60C080C2C8}.TravisCI|Any CPU.Build.0 = Debug|Any CPU
		{6933B020-918B-49DA-A072-4C60C080C2C8}.TravisCI|x86.ActiveCfg = TravisCI|Any CPU
		{6933B020-918B-49DA-A072-4C60C080C2C8}.TravisCI|x86.Build.0 = TravisCI|Any CPU
		{F13FB7EF-D892-4229-A1EB-8B595D71D64E}.Debug|Any CPU.ActiveCfg = Debug|x86
		{F13FB7EF-D892-4229-A1EB-8B595D71D64E}.Debug|Any CPU.Build.0 = Debug|x86
		{F13FB7EF-D892-4229-A1EB-8B595D71D64E}.Debug|x86.ActiveCfg = Debug|x86
		{F13FB7EF-D892-4229-A1EB-8B595D71D64E}.Debug|x86.Build.0 = Debug|x86
		{F13FB7EF-D892-4229-A1EB-8B595D71D64E}.Release|Any CPU.ActiveCfg = Release|x86
		{F13FB7EF-D892-4229-A1EB-8B595D71D64E}.Release|x86.ActiveCfg = Release|x86
		{F13FB7EF-D892-4229-A1EB-8B595D71D64E}.Release|x86.Build.0 = Release|x86
		{F13FB7EF-D892-4229-A1EB-8B595D71D64E}.TravisCI|Any CPU.ActiveCfg = Release|x86
		{F13FB7EF-D892-4229-A1EB-8B595D71D64E}.TravisCI|x86.ActiveCfg = Release|x86
		{F13FB7EF-D892-4229-A1EB-8B595D71D64E}.TravisCI|x86.Build.0 = Release|x86
		{186217C6-1D5E-4E92-AE6B-2EF4860089EF}.Debug|Any CPU.ActiveCfg = Debug|Any CPU
		{186217C6-1D5E-4E92-AE6B-2EF4860089EF}.Debug|Any CPU.Build.0 = Debug|Any CPU
		{186217C6-1D5E-4E92-AE6B-2EF4860089EF}.Debug|x86.ActiveCfg = Debug|Any CPU
		{186217C6-1D5E-4E92-AE6B-2EF4860089EF}.Debug|x86.Build.0 = Debug|Any CPU
		{186217C6-1D5E-4E92-AE6B-2EF4860089EF}.Release|Any CPU.ActiveCfg = Release|Any CPU
		{186217C6-1D5E-4E92-AE6B-2EF4860089EF}.Release|Any CPU.Build.0 = Release|Any CPU
		{186217C6-1D5E-4E92-AE6B-2EF4860089EF}.Release|x86.ActiveCfg = Release|Any CPU
		{186217C6-1D5E-4E92-AE6B-2EF4860089EF}.Release|x86.Build.0 = Release|Any CPU
		{186217C6-1D5E-4E92-AE6B-2EF4860089EF}.TravisCI|Any CPU.ActiveCfg = Debug|Any CPU
		{186217C6-1D5E-4E92-AE6B-2EF4860089EF}.TravisCI|x86.ActiveCfg = Debug|Any CPU
		{186217C6-1D5E-4E92-AE6B-2EF4860089EF}.TravisCI|x86.Build.0 = Debug|Any CPU
		{8D10A6A3-73AF-4437-890E-35FAB8970438}.Debug|Any CPU.ActiveCfg = Debug|Any CPU
		{8D10A6A3-73AF-4437-890E-35FAB8970438}.Debug|Any CPU.Build.0 = Debug|Any CPU
		{8D10A6A3-73AF-4437-890E-35FAB8970438}.Debug|x86.ActiveCfg = Debug|Any CPU
		{8D10A6A3-73AF-4437-890E-35FAB8970438}.Debug|x86.Build.0 = Debug|Any CPU
		{8D10A6A3-73AF-4437-890E-35FAB8970438}.Release|Any CPU.ActiveCfg = Release|Any CPU
		{8D10A6A3-73AF-4437-890E-35FAB8970438}.Release|Any CPU.Build.0 = Release|Any CPU
		{8D10A6A3-73AF-4437-890E-35FAB8970438}.Release|x86.ActiveCfg = Release|Any CPU
		{8D10A6A3-73AF-4437-890E-35FAB8970438}.Release|x86.Build.0 = Release|Any CPU
		{8D10A6A3-73AF-4437-890E-35FAB8970438}.TravisCI|Any CPU.ActiveCfg = Debug|Any CPU
		{8D10A6A3-73AF-4437-890E-35FAB8970438}.TravisCI|x86.ActiveCfg = Debug|Any CPU
		{8D10A6A3-73AF-4437-890E-35FAB8970438}.TravisCI|x86.Build.0 = Debug|Any CPU
		{E20F33C7-F38E-458A-B3A9-86136AFFC1D3}.Debug|Any CPU.ActiveCfg = Debug|Any CPU
		{E20F33C7-F38E-458A-B3A9-86136AFFC1D3}.Debug|Any CPU.Build.0 = Debug|Any CPU
		{E20F33C7-F38E-458A-B3A9-86136AFFC1D3}.Debug|x86.ActiveCfg = Debug|Any CPU
		{E20F33C7-F38E-458A-B3A9-86136AFFC1D3}.Debug|x86.Build.0 = Debug|Any CPU
		{E20F33C7-F38E-458A-B3A9-86136AFFC1D3}.Release|Any CPU.ActiveCfg = Release|Any CPU
		{E20F33C7-F38E-458A-B3A9-86136AFFC1D3}.Release|Any CPU.Build.0 = Release|Any CPU
		{E20F33C7-F38E-458A-B3A9-86136AFFC1D3}.Release|x86.ActiveCfg = Release|Any CPU
		{E20F33C7-F38E-458A-B3A9-86136AFFC1D3}.Release|x86.Build.0 = Release|Any CPU
		{E20F33C7-F38E-458A-B3A9-86136AFFC1D3}.TravisCI|Any CPU.ActiveCfg = Debug|Any CPU
		{E20F33C7-F38E-458A-B3A9-86136AFFC1D3}.TravisCI|x86.ActiveCfg = Debug|Any CPU
		{E20F33C7-F38E-458A-B3A9-86136AFFC1D3}.TravisCI|x86.Build.0 = Debug|Any CPU
		{4A627ED3-7E8F-45DC-906A-2E262232FF9D}.Debug|Any CPU.ActiveCfg = Debug|Any CPU
		{4A627ED3-7E8F-45DC-906A-2E262232FF9D}.Debug|Any CPU.Build.0 = Debug|Any CPU
		{4A627ED3-7E8F-45DC-906A-2E262232FF9D}.Debug|x86.ActiveCfg = Debug|Any CPU
		{4A627ED3-7E8F-45DC-906A-2E262232FF9D}.Debug|x86.Build.0 = Debug|Any CPU
		{4A627ED3-7E8F-45DC-906A-2E262232FF9D}.Release|Any CPU.ActiveCfg = Release|Any CPU
		{4A627ED3-7E8F-45DC-906A-2E262232FF9D}.Release|Any CPU.Build.0 = Release|Any CPU
		{4A627ED3-7E8F-45DC-906A-2E262232FF9D}.Release|x86.ActiveCfg = Release|Any CPU
		{4A627ED3-7E8F-45DC-906A-2E262232FF9D}.Release|x86.Build.0 = Release|Any CPU
		{4A627ED3-7E8F-45DC-906A-2E262232FF9D}.TravisCI|Any CPU.ActiveCfg = Debug|Any CPU
		{4A627ED3-7E8F-45DC-906A-2E262232FF9D}.TravisCI|x86.ActiveCfg = Debug|Any CPU
		{4A627ED3-7E8F-45DC-906A-2E262232FF9D}.TravisCI|x86.Build.0 = Debug|Any CPU
	EndGlobalSection
	GlobalSection(SolutionProperties) = preSolution
		HideSolutionNode = FALSE
	EndGlobalSection
	GlobalSection(NestedProjects) = preSolution
		{6DC6D0F4-85F4-4380-9C49-FF26BC83D000} = {ED001293-9068-4DFC-9316-4FD88F2BBFA6}
		{DCCA0C42-BECD-4445-9062-570C6ABC402C} = {ED001293-9068-4DFC-9316-4FD88F2BBFA6}
		{949EBADD-2826-40F2-AF8F-462AC1AB6BF3} = {ED001293-9068-4DFC-9316-4FD88F2BBFA6}
		{1BC98F0E-A5AC-4357-8E5A-DE29F3F1D6DD} = {ED001293-9068-4DFC-9316-4FD88F2BBFA6}
		{186217C6-1D5E-4E92-AE6B-2EF4860089EF} = {885C7FC7-7F42-4075-B18A-7FBC7018D2B2}
		{8D10A6A3-73AF-4437-890E-35FAB8970438} = {885C7FC7-7F42-4075-B18A-7FBC7018D2B2}
		{E20F33C7-F38E-458A-B3A9-86136AFFC1D3} = {885C7FC7-7F42-4075-B18A-7FBC7018D2B2}
		{4A627ED3-7E8F-45DC-906A-2E262232FF9D} = {885C7FC7-7F42-4075-B18A-7FBC7018D2B2}
	EndGlobalSection
	GlobalSection(ExtensibilityGlobals) = postSolution
		SolutionGuid = {DC029714-2830-47FC-AB2A-1DD04273BB87}
	EndGlobalSection
EndGlobal
